
Microsoft Visual Studio Solution File, Format Version 12.00
# Visual Studio Version 17
VisualStudioVersion = 17.0.31717.71
MinimumVisualStudioVersion = 10.0.40219.1
Project("{9A19103F-16F7-4668-BE54-9A1E7A4F7556}") = "Web2FA.Web.WebUI", "Web2FA.Web.WebUI.csproj", "{3011EC9A-B112-4602-91EE-1A4ABADC312B}"
EndProject
Global
	GlobalSection(SolutionConfigurationPlatforms) = preSolution
		Debug|Any CPU = Debug|Any CPU
		Release|Any CPU = Release|Any CPU
	EndGlobalSection
	GlobalSection(ProjectConfigurationPlatforms) = postSolution
		{3011EC9A-B112-4602-91EE-1A4ABADC312B}.Debug|Any CPU.ActiveCfg = Debug|Any CPU
		{3011EC9A-B112-4602-91EE-1A4ABADC312B}.Debug|Any CPU.Build.0 = Debug|Any CPU
		{3011EC9A-B112-4602-91EE-1A4ABADC312B}.Release|Any CPU.ActiveCfg = Release|Any CPU
		{3011EC9A-B112-4602-91EE-1A4ABADC312B}.Release|Any CPU.Build.0 = Release|Any CPU
	EndGlobalSection
	GlobalSection(SolutionProperties) = preSolution
		HideSolutionNode = FALSE
	EndGlobalSection
	GlobalSection(ExtensibilityGlobals) = postSolution
		SolutionGuid = {3E279766-039E-486C-8896-52815BAE3136}
	EndGlobalSection
EndGlobal